{
    "_readme": [
        "This file locks the dependencies of your project to a known state",
        "Read more about it at https://getcomposer.org/doc/01-basic-usage.md#installing-dependencies",
        "This file is @generated automatically"
    ],
    "content-hash": "1677a55622d810ede46207547bbb2c2f",
    "packages": [
        {
            "name": "jitsu/array",
            "version": "0.1.1",
            "source": {
                "type": "git",
                "url": "https://github.com/bdusell/jitsu-array.git",
                "reference": "1e86a19bbd79482d1a58862f8716e062fd724afe"
            },
            "dist": {
                "type": "zip",
                "url": "https://api.github.com/repos/bdusell/jitsu-array/zipball/1e86a19bbd79482d1a58862f8716e062fd724afe",
                "reference": "1e86a19bbd79482d1a58862f8716e062fd724afe",
                "shasum": ""
            },
            "require": {
                "php": ">=5.3.0"
            },
            "require-dev": {
                "phpunit/phpunit": "^4.8"
            },
            "type": "library",
            "autoload": {
                "psr-4": {
                    "Jitsu\\": "src/"
                }
            },
            "notification-url": "https://packagist.org/downloads/",
            "license": [
                "MIT"
            ],
            "authors": [
                {
                    "name": "Brian DuSell",
                    "email": "bdusell@gmail.com",
                    "role": "Developer"
                }
            ],
            "description": "Normalized API for PHP's array functions",
            "keywords": [
                "array",
                "utility"
            ],
            "time": "2016-05-07T07:25:40+00:00"
        },
        {
            "name": "jitsu/error",
            "version": "0.2.0",
            "source": {
                "type": "git",
                "url": "https://github.com/bdusell/jitsu-error.git",
                "reference": "01f3b899d498edb13e8521df0bf1b5b13930bc3a"
            },
            "dist": {
                "type": "zip",
                "url": "https://api.github.com/repos/bdusell/jitsu-error/zipball/01f3b899d498edb13e8521df0bf1b5b13930bc3a",
                "reference": "01f3b899d498edb13e8521df0bf1b5b13930bc3a",
                "shasum": ""
            },
            "require": {
                "php": ">=5.3.0"
            },
            "type": "library",
            "notification-url": "https://packagist.org/downloads/",
            "license": [
                "MIT"
            ],
            "authors": [
                {
                    "name": "Brian DuSell",
                    "email": "bdusell@gmail.com",
                    "role": "Developer"
                }
            ],
            "description": "Sane PHP error handling and silencing",
            "keywords": [
                "error",
                "exception",
                "handling"
            ],
            "time": "2016-05-07T07:40:46+00:00"
        },
        {
            "name": "jitsu/http",
            "version": "0.2.1",
            "source": {
                "type": "git",
                "url": "https://github.com/bdusell/jitsu-http.git",
                "reference": "680aa40e48634da3de1d4369dead3cd6a1a432fb"
            },
            "dist": {
                "type": "zip",
                "url": "https://api.github.com/repos/bdusell/jitsu-http/zipball/680aa40e48634da3de1d4369dead3cd6a1a432fb",
                "reference": "680aa40e48634da3de1d4369dead3cd6a1a432fb",
                "shasum": ""
            },
            "require": {
                "jitsu/array": "^0.1.1",
                "php": ">=5.3.0"
            },
            "type": "library",
            "autoload": {
                "psr-4": {
                    "Jitsu\\": "src/"
                }
            },
            "notification-url": "https://packagist.org/downloads/",
            "license": [
                "MIT"
            ],
            "authors": [
                {
                    "name": "Brian DuSell",
                    "email": "bdusell@gmail.com",
                    "role": "Developer"
                }
            ],
            "description": "Object-oriented HTTP request and response interfaces",
            "keywords": [
                "http",
                "request",
                "response"
            ],
            "time": "2020-02-11T08:16:27+00:00"
        },
        {
            "name": "jitsu/string",
            "version": "0.1.1",
            "source": {
                "type": "git",
                "url": "https://github.com/bdusell/jitsu-string.git",
                "reference": "db76c48d9dab5c3d5fe2c8a7cea491ad59dd7cc8"
            },
            "dist": {
                "type": "zip",
                "url": "https://api.github.com/repos/bdusell/jitsu-string/zipball/db76c48d9dab5c3d5fe2c8a7cea491ad59dd7cc8",
                "reference": "db76c48d9dab5c3d5fe2c8a7cea491ad59dd7cc8",
                "shasum": ""
            },
            "require": {
                "php": ">=5.3.0"
            },
            "require-dev": {
                "phpunit/phpunit": "^4.8"
            },
            "type": "library",
            "autoload": {
                "psr-4": {
                    "Jitsu\\": "src/"
                }
            },
            "notification-url": "https://packagist.org/downloads/",
            "license": [
                "MIT"
            ],
            "authors": [
                {
                    "name": "Brian DuSell",
                    "email": "bdusell@gmail.com",
                    "role": "Developer"
                }
            ],
            "description": "Normalized API for PHP's string functions",
            "keywords": [
                "string",
                "utility"
            ],
            "time": "2016-05-07T07:55:56+00:00"
        },
        {
            "name": "jitsu/util",
            "version": "0.1.2",
            "source": {
                "type": "git",
                "url": "https://github.com/bdusell/jitsu-util.git",
                "reference": "47098d47b769e8be7a18c81565f10278a5153a50"
            },
            "dist": {
                "type": "zip",
                "url": "https://api.github.com/repos/bdusell/jitsu-util/zipball/47098d47b769e8be7a18c81565f10278a5153a50",
                "reference": "47098d47b769e8be7a18c81565f10278a5153a50",
                "shasum": ""
            },
            "require": {
                "php": ">=5.4.0"
            },
            "type": "library",
            "autoload": {
                "psr-4": {
                    "Jitsu\\": "src/"
                }
            },
            "notification-url": "https://packagist.org/downloads/",
            "license": [
                "MIT"
            ],
            "authors": [
                {
                    "name": "Brian DuSell",
                    "email": "bdusell@gmail.com",
                    "role": "Developer"
                }
            ],
            "description": "General-purpose utilities for PHP",
            "keywords": [
                "introspection",
                "lazy",
                "reflection",
                "singleton",
                "utility"
            ],
            "time": "2016-05-07T08:01:16+00:00"
        }
    ],
    "packages-dev": [],
    "aliases": [],
    "minimum-stability": "stable",
    "stability-flags": [],
    "prefer-stable": false,
    "prefer-lowest": false,
    "platform": {
        "php": ">=5.3.0"
    },
    "platform-dev": []
}
